
Microsoft Visual Studio Solution File, Format Version 12.00
# Visual Studio Version 16
VisualStudioVersion = 16.0.29709.97
MinimumVisualStudioVersion = 10.0.40219.1
Project("{FAE04EC0-301F-11D3-BF4B-00C04F79EFBC}") = "UI", "UI.csproj", "{A09CB385-F25A-4E1F-8A29-44923429B9E2}"
EndProject
Project("{FAE04EC0-301F-11D3-BF4B-00C04F79EFBC}") = "Domain", "..\Domain\Domain.csproj", "{F9FA937C-B1E7-4F78-9976-D69CDD60339D}"
EndProject
Global
	GlobalSection(SolutionConfigurationPlatforms) = preSolution
		Debug|Any CPU = Debug|Any CPU
		Release|Any CPU = Release|Any CPU
	EndGlobalSection
	GlobalSection(ProjectConfigurationPlatforms) = postSolution
		{A09CB385-F25A-4E1F-8A29-44923429B9E2}.Debug|Any CPU.ActiveCfg = Debug|Any CPU
		{A09CB385-F25A-4E1F-8A29-44923429B9E2}.Debug|Any CPU.Build.0 = Debug|Any CPU
		{A09CB385-F25A-4E1F-8A29-44923429B9E2}.Release|Any CPU.ActiveCfg = Release|Any CPU
		{A09CB385-F25A-4E1F-8A29-44923429B9E2}.Release|Any CPU.Build.0 = Release|Any CPU
		{F9FA937C-B1E7-4F78-9976-D69CDD60339D}.Debug|Any CPU.ActiveCfg = Debug|Any CPU
		{F9FA937C-B1E7-4F78-9976-D69CDD60339D}.Debug|Any CPU.Build.0 = Debug|Any CPU
		{F9FA937C-B1E7-4F78-9976-D69CDD60339D}.Release|Any CPU.ActiveCfg = Release|Any CPU
		{F9FA937C-B1E7-4F78-9976-D69CDD60339D}.Release|Any CPU.Build.0 = Release|Any CPU
	EndGlobalSection
	GlobalSection(SolutionProperties) = preSolution
		HideSolutionNode = FALSE
	EndGlobalSection
	GlobalSection(ExtensibilityGlobals) = postSolution
		SolutionGuid = {032579DC-9A9E-4F64-A05B-41BAA09086F8}
	EndGlobalSection
EndGlobal
